hash: b14f8a9e635cb26678d9da52d683d2510fe306efdbc2b3eba1b353520dc58cf0
updated: 2017-06-07T22:08:42.959471905-07:00
imports:
- name: github.com/agl/ed25519
  version: 278e1ec8e8a6e017cd07577924d6766039146ced
  subpackages:
  - edwards25519
- name: github.com/Azure/go-ansiterm
  version: fa152c58bc15761d0200cb75fe958b89a9d4888e
  subpackages:
  - winterm
- name: github.com/beorn7/perks
  version: 4c0e84591b9aa9e6dcfdf3e020114cd81f89d5f9
  subpackages:
  - quantile
- name: github.com/certifi/gocertifi
  version: a9c833d2837d3b16888d55d5aafa9ffe9afb22b0
- name: github.com/cloudflare/redoctober
  version: 77e093946bb8028ed5fc3cae1de7780aa6fbff6d
  subpackages:
  - client
  - config
  - core
  - cryptor
  - ecdh
  - hipchat
  - keycache
  - msp
  - order
  - padding
  - passvault
  - persist
  - report
  - symcrypt
- name: github.com/coreos/go-systemd
  version: 48702e0da86bd25e76cfef347e2adeb434a0d0a6
  subpackages:
  - activation
- name: github.com/docker/distribution
  version: a25b9ef0c9fe242ac04bb20d3a028442b7d266b6
  subpackages:
  - context
  - digest
  - digestset
  - reference
  - registry/api/errcode
  - registry/api/v2
  - registry/client
  - registry/client/auth
  - registry/client/auth/challenge
  - registry/client/transport
  - registry/storage/cache
  - registry/storage/cache/memory
  - uuid
- name: github.com/docker/docker
  version: 90d35abf7b3535c1c319c872900fbd76374e521c
  subpackages:
  - api
  - api/types
  - api/types/blkiodev
  - api/types/container
  - api/types/events
  - api/types/filters
  - api/types/image
  - api/types/mount
  - api/types/network
  - api/types/registry
  - api/types/strslice
  - api/types/swarm
  - api/types/time
  - api/types/versions
  - api/types/volume
  - opts
  - pkg/httputils
  - pkg/ioutils
  - pkg/jsonlog
  - pkg/jsonmessage
  - pkg/longpath
  - pkg/random
  - pkg/stringid
  - pkg/system
  - pkg/tarsum
  - pkg/term
  - pkg/term/windows
  - pkg/tlsconfig
- name: github.com/docker/go
  version: 62e5ec7cf43f795986ec658df7cb317255772993
  subpackages:
  - canonical/json
- name: github.com/docker/go-connections
  version: 990a1a1a70b0da4c4cb70e117971a4f0babfbf1a
  subpackages:
  - nat
  - sockets
  - tlsconfig
- name: github.com/docker/go-units
  version: f2d77a61e3c169b43402a0a1e84f06daf29b8190
- name: github.com/docker/libtrust
  version: fa567046d9b14f6aa788882a950d69651d230b21
- name: github.com/docker/notary
  version: 3657629fb191cdb741cefee80e9872c0dcac2feb
  subpackages:
  - client
  - client/changelist
  - cryptoservice
  - storage
  - trustmanager
  - trustmanager/yubikey
  - trustpinning
  - tuf
  - tuf/data
  - tuf/signed
  - tuf/utils
  - tuf/validation
- name: github.com/getsentry/raven-go
  version: 3f7439d3e74d88e21d196ba20eb61a5a958bc118
- name: github.com/golang/protobuf
  version: c3cefd437628a0b7d31b34fe44b3a7a540e98527
  subpackages:
  - proto
- name: github.com/gorilla/context
  version: 1ea25387ff6f684839d82767c1733ff4d4d15d0a
- name: github.com/gorilla/mux
  version: bcd8bc72b08df0f70df986b97f95590779502d31
- name: github.com/joshlf/testutil
  version: b5d8aa79d93d48182827b15fe02ba8678687351e
- name: github.com/mattn/go-shellwords
  version: 02e3cf038dcea8290e44424da473dd12be796a8a
- name: github.com/matttproud/golang_protobuf_extensions
  version: 3247c84500bff8d9fb6d579d800f20b3e091582c
  subpackages:
  - pbutil
- name: github.com/Microsoft/go-winio
  version: f533f7a102197536779ea3a8cb881d639e21ec5a
- name: github.com/miekg/pkcs11
  version: ba39b9c6300b7e0be41b115330145ef8afdff7d6
- name: github.com/moby/moby
  version: 90d35abf7b3535c1c319c872900fbd76374e521c
  subpackages:
  - api/types
  - client
  - registry
- name: github.com/Nvveen/Gotty
  version: cd527374f1e5bff4938207604a14f2e38a9cf512
- name: github.com/opencontainers/go-digest
  version: aa2ec055abd10d26d539eb630a92241b781ce4bc
- name: github.com/opencontainers/runc
  version: 75f8da7c889acc4509a0cf6f0d3a8f9584778375
  subpackages:
  - libcontainer/cgroups
  - libcontainer/configs
  - libcontainer/user
- name: github.com/opencontainers/runtime-spec
  version: 035da1dca3dfbb00d752eb58b0b158d6129f3776
  subpackages:
  - specs-go
- name: github.com/pkg/errors
  version: 645ef00459ed84a119197bfb8d8205042c6df63d
- name: github.com/prometheus/client_golang
  version: c5b7fccd204277076155f10851dad72b76a49317
  subpackages:
  - prometheus
- name: github.com/prometheus/client_model
  version: fa8ad6fec33561be4280a8f0514318c79d7f6cb6
  subpackages:
  - go
- name: github.com/prometheus/common
  version: ebdfc6da46522d58825777cf1f90490a5b1ef1d8
  subpackages:
  - expfmt
  - internal/bitbucket.org/ww/goautoneg
  - model
- name: github.com/prometheus/procfs
  version: abf152e5f3e97f2fafac028d2cc06c1feb87ffa5
  subpackages:
  - xfs
- name: github.com/Sirupsen/logrus
  version: ba1b36c82c5e05c4f912a88eab0dcd91a171688f
- name: github.com/spf13/pflag
  version: 5644820622454e71517561946e3d94b9f9db6842
- name: golang.org/x/crypto
  version: e0d166c33c321d0ff863f459a5882096e334f508
  subpackages:
  - cast5
  - openpgp
  - openpgp/armor
  - openpgp/elgamal
  - openpgp/errors
  - openpgp/packet
  - openpgp/s2k
  - pbkdf2
  - scrypt
- name: golang.org/x/net
  version: 4876518f9e71663000c348837735820161a42df7
  subpackages:
  - context
  - context/ctxhttp
  - proxy
- name: golang.org/x/sys
  version: 442cd600860ce722f6615730eb008a37a87b13ee
  subpackages:
  - unix
  - windows
- name: gopkg.in/yaml.v2
  version: cd8b52f8269e0feb286dfeef29f8fe4d5b397e0b
testImports: []
